
Microsoft Visual Studio Solution File, Format Version 12.00
# Visual Studio Version 17
VisualStudioVersion = 17.14.36511.14
MinimumVisualStudioVersion = 10.0.40219.1
Project("{FAE04EC0-301F-11D3-BF4B-00C04F79EFBC}") = "E-Commerce", "E-Commerce\E-Commerce.csproj", "{74FBCF94-A459-440C-95F6-86FEB105306B}"
EndProject
Project("{2150E333-8FDC-42A3-9474-1A3956D46DE8}") = "Modules", "Modules", "{02EA681E-C7D8-13C7-8484-4AC65E1B71E8}"
EndProject
Project("{2150E333-8FDC-42A3-9474-1A3956D46DE8}") = "Auth", "Auth", "{74D3A0A4-EF6A-4D7E-894B-D8DAC8DA6281}"
EndProject
Project("{FAE04EC0-301F-11D3-BF4B-00C04F79EFBC}") = "ECommerce.Auth.API", "Modules\Auth\ECommerce.Auth.API\ECommerce.Auth.API.csproj", "{9AD4A5ED-9394-499A-89F3-292A7C2397D8}"
EndProject
Project("{FAE04EC0-301F-11D3-BF4B-00C04F79EFBC}") = "ECommerce.Auth.Application", "Modules\Auth\ECommerce.Auth.Application\ECommerce.Auth.Application\ECommerce.Auth.Application.csproj", "{2E06C86C-14EF-4074-92EC-CC8B305B60E9}"
EndProject
Project("{FAE04EC0-301F-11D3-BF4B-00C04F79EFBC}") = "ECommerce.Auth.Domain", "Modules\Auth\ECommerce.Auth.Domain\ECommerce.Auth.Domain.csproj", "{BD0424C5-75F1-4ABF-82D6-66E35D3A189F}"
EndProject
Project("{FAE04EC0-301F-11D3-BF4B-00C04F79EFBC}") = "ECommerce.Auth.Infrastructure", "Modules\Auth\ECommerce.Auth.Infrastructure\ECommerce.Auth.Infrastructure.csproj", "{87ADFA2F-021E-4A49-B7ED-B31D61CABA7E}"
EndProject
Project("{2150E333-8FDC-42A3-9474-1A3956D46DE8}") = "Orders", "Orders", "{15D43499-AAD7-4058-93DB-6DDA23D0B9FB}"
EndProject
Project("{FAE04EC0-301F-11D3-BF4B-00C04F79EFBC}") = "ECommerce.Orders.API", "Modules\Orders\ECommerce.Orders.API\ECommerce.Orders.API.csproj", "{C10090C5-950C-44AD-B187-E865D2FEFB27}"
EndProject
Project("{FAE04EC0-301F-11D3-BF4B-00C04F79EFBC}") = "ECommerce.Orders.Application", "Modules\Orders\ECommerce.Orders.Application\ECommerce.Orders.Application.csproj", "{01763923-8886-4138-A175-D0A0AABCB280}"
EndProject
Project("{FAE04EC0-301F-11D3-BF4B-00C04F79EFBC}") = "ECommerce.Orders.Domain", "Modules\Orders\ECommerce.Orders.Domain\ECommerce.Orders.Domain.csproj", "{D740039D-5EB5-458E-AA93-F79355A0CC5E}"
EndProject
Project("{FAE04EC0-301F-11D3-BF4B-00C04F79EFBC}") = "ECommerce.Orders.Infrastructure", "Modules\Orders\ECommerce.Orders.Infrastructure\ECommerce.Orders.Infrastructure.csproj", "{089796D4-3579-4048-B4F6-331637B48955}"
EndProject
Project("{2150E333-8FDC-42A3-9474-1A3956D46DE8}") = "Catalog", "Catalog", "{A11DDC4B-55E4-422B-9B90-DA91D54BFDB4}"
EndProject
Project("{2150E333-8FDC-42A3-9474-1A3956D46DE8}") = "Inventory", "Inventory", "{F63CD2AE-7263-46BC-B683-5625B1B94757}"
EndProject
Project("{2150E333-8FDC-42A3-9474-1A3956D46DE8}") = "Customers", "Customers", "{6486F941-5767-4B83-A88E-7E21C4CAD93C}"
EndProject
Project("{2150E333-8FDC-42A3-9474-1A3956D46DE8}") = "Payments", "Payments", "{4F39947A-78BB-4070-AB16-7A45CB6A8FD4}"
EndProject
Project("{FAE04EC0-301F-11D3-BF4B-00C04F79EFBC}") = "ECommerce.Catalog.API", "Modules\Catalog\ECommerce.Catalog.API\ECommerce.Catalog.API.csproj", "{94629777-A304-4A04-813C-6008A2FA1DEF}"
EndProject
Project("{FAE04EC0-301F-11D3-BF4B-00C04F79EFBC}") = "ECommerce.Catalog.Application", "Modules\Catalog\ECommerce.Catalog.Application\ECommerce.Catalog.Application.csproj", "{426D8C84-F4C3-4FEE-95BB-E81A11FBD8F1}"
EndProject
Project("{FAE04EC0-301F-11D3-BF4B-00C04F79EFBC}") = "ECommerce.Catalog.Domain", "Modules\Catalog\ECommerce.Catalog.Domain\ECommerce.Catalog.Domain.csproj", "{AFEA08F4-B2CF-4DA3-B54B-F6EA997A607A}"
EndProject
Project("{FAE04EC0-301F-11D3-BF4B-00C04F79EFBC}") = "ECommerce.Catalog.Infrastructure", "Modules\Catalog\ECommerce.Catalog.Infrastructure\ECommerce.Catalog.Infrastructure.csproj", "{C19E6E47-4F56-49F6-9102-A494FEC66262}"
EndProject
Project("{FAE04EC0-301F-11D3-BF4B-00C04F79EFBC}") = "ECommerce.Inventory.API", "Modules\Inventory\ECommerce.Inventory.API\ECommerce.Inventory.API.csproj", "{3D381451-55F6-416C-9E9E-59A15EAB1FD0}"
EndProject
Project("{FAE04EC0-301F-11D3-BF4B-00C04F79EFBC}") = "ECommerce.Inventory.Application", "Modules\Inventory\ECommerce.Inventory.Application\ECommerce.Inventory.Application.csproj", "{ABBA72CE-782E-490D-A512-8BDD698056FB}"
EndProject
Project("{FAE04EC0-301F-11D3-BF4B-00C04F79EFBC}") = "ECommerce.Inventory.Domain", "Modules\Inventory\ECommerce.Inventory.Domain\ECommerce.Inventory.Domain.csproj", "{18582464-16C7-4C06-9E52-D7EE43B333A8}"
EndProject
Project("{FAE04EC0-301F-11D3-BF4B-00C04F79EFBC}") = "ECommerce.Inventory.Infrastructure", "Modules\Inventory\ECommerce.Inventory.Infrastructure\ECommerce.Inventory.Infrastructure.csproj", "{E2704D7D-7CC4-458D-8C76-5AB8A2D4A84E}"
EndProject
Project("{FAE04EC0-301F-11D3-BF4B-00C04F79EFBC}") = "ECommerce.Customers.API", "Modules\Customers\ECommerce.Customers.API\ECommerce.Customers.API.csproj", "{186A5FF6-8F8B-4F40-98D3-212658CEE14C}"
EndProject
Project("{FAE04EC0-301F-11D3-BF4B-00C04F79EFBC}") = "ECommerce.Customers.Application", "Modules\Customers\ECommerce.Customers.Application\ECommerce.Customers.Application.csproj", "{F4CAFA72-BA6B-4551-8E3D-AA9E86D78E33}"
EndProject
Project("{FAE04EC0-301F-11D3-BF4B-00C04F79EFBC}") = "ECommerce.Customers.Domain", "Modules\Customers\ECommerce.Customers.Domain\ECommerce.Customers.Domain.csproj", "{EBAE4CFF-3FE2-416D-9227-2A9EEAC001EE}"
EndProject
Project("{FAE04EC0-301F-11D3-BF4B-00C04F79EFBC}") = "ECommerce.Customers.Infrastructure", "Modules\Customers\ECommerce.Customers.Infrastructure\ECommerce.Customers.Infrastructure.csproj", "{2866FDEF-1EF8-4EA4-BD5A-43D6F7026C98}"
EndProject
Project("{FAE04EC0-301F-11D3-BF4B-00C04F79EFBC}") = "ECommerce.Payments.API", "Modules\Payments\ECommerce.Payments.API\ECommerce.Payments.API.csproj", "{ACBA4210-4A15-4E85-80EB-82A64B44AF9E}"
EndProject
Project("{FAE04EC0-301F-11D3-BF4B-00C04F79EFBC}") = "ECommerce.Payments.Application", "Modules\Payments\ECommerce.Payments.Application\ECommerce.Payments.Application.csproj", "{ADC6E86B-9FBF-4C63-BC9B-7E8846D85418}"
EndProject
Project("{FAE04EC0-301F-11D3-BF4B-00C04F79EFBC}") = "ECommerce.Payments.Domain", "Modules\Payments\ECommerce.Payments.Domain\ECommerce.Payments.Domain.csproj", "{8A1033AD-3F31-44E1-ABD7-0A41B5681949}"
EndProject
Project("{FAE04EC0-301F-11D3-BF4B-00C04F79EFBC}") = "ECommerce.Payments.Infrastructure", "Modules\Payments\ECommerce.Payments.Infrastructure\ECommerce.Payments.Infrastructure.csproj", "{DF002A16-3715-469B-A781-26CC9C0D0BF4}"
EndProject
Project("{2150E333-8FDC-42A3-9474-1A3956D46DE8}") = "SharedKernel", "SharedKernel", "{3D6A8560-2F27-4786-9D9B-72AF86BEBA97}"
EndProject
Project("{FAE04EC0-301F-11D3-BF4B-00C04F79EFBC}") = "ECommerce.SharedKernel", "Modules\SharedKernel\ECommerce.SharedKernel\ECommerce.SharedKernel.csproj", "{6AE47A9C-4455-4096-BA9B-447B41C46F48}"
EndProject
Global
	GlobalSection(SolutionConfigurationPlatforms) = preSolution
		Debug|Any CPU = Debug|Any CPU
		Release|Any CPU = Release|Any CPU
	EndGlobalSection
	GlobalSection(ProjectConfigurationPlatforms) = postSolution
		{74FBCF94-A459-440C-95F6-86FEB105306B}.Debug|Any CPU.ActiveCfg = Debug|Any CPU
		{74FBCF94-A459-440C-95F6-86FEB105306B}.Debug|Any CPU.Build.0 = Debug|Any CPU
		{74FBCF94-A459-440C-95F6-86FEB105306B}.Release|Any CPU.ActiveCfg = Release|Any CPU
		{74FBCF94-A459-440C-95F6-86FEB105306B}.Release|Any CPU.Build.0 = Release|Any CPU
		{9AD4A5ED-9394-499A-89F3-292A7C2397D8}.Debug|Any CPU.ActiveCfg = Debug|Any CPU
		{9AD4A5ED-9394-499A-89F3-292A7C2397D8}.Debug|Any CPU.Build.0 = Debug|Any CPU
		{9AD4A5ED-9394-499A-89F3-292A7C2397D8}.Release|Any CPU.ActiveCfg = Release|Any CPU
		{9AD4A5ED-9394-499A-89F3-292A7C2397D8}.Release|Any CPU.Build.0 = Release|Any CPU
		{2E06C86C-14EF-4074-92EC-CC8B305B60E9}.Debug|Any CPU.ActiveCfg = Debug|Any CPU
		{2E06C86C-14EF-4074-92EC-CC8B305B60E9}.Debug|Any CPU.Build.0 = Debug|Any CPU
		{2E06C86C-14EF-4074-92EC-CC8B305B60E9}.Release|Any CPU.ActiveCfg = Release|Any CPU
		{2E06C86C-14EF-4074-92EC-CC8B305B60E9}.Release|Any CPU.Build.0 = Release|Any CPU
		{BD0424C5-75F1-4ABF-82D6-66E35D3A189F}.Debug|Any CPU.ActiveCfg = Debug|Any CPU
		{BD0424C5-75F1-4ABF-82D6-66E35D3A189F}.Debug|Any CPU.Build.0 = Debug|Any CPU
		{BD0424C5-75F1-4ABF-82D6-66E35D3A189F}.Release|Any CPU.ActiveCfg = Release|Any CPU
		{BD0424C5-75F1-4ABF-82D6-66E35D3A189F}.Release|Any CPU.Build.0 = Release|Any CPU
		{87ADFA2F-021E-4A49-B7ED-B31D61CABA7E}.Debug|Any CPU.ActiveCfg = Debug|Any CPU
		{87ADFA2F-021E-4A49-B7ED-B31D61CABA7E}.Debug|Any CPU.Build.0 = Debug|Any CPU
		{87ADFA2F-021E-4A49-B7ED-B31D61CABA7E}.Release|Any CPU.ActiveCfg = Release|Any CPU
		{87ADFA2F-021E-4A49-B7ED-B31D61CABA7E}.Release|Any CPU.Build.0 = Release|Any CPU
		{C10090C5-950C-44AD-B187-E865D2FEFB27}.Debug|Any CPU.ActiveCfg = Debug|Any CPU
		{C10090C5-950C-44AD-B187-E865D2FEFB27}.Debug|Any CPU.Build.0 = Debug|Any CPU
		{C10090C5-950C-44AD-B187-E865D2FEFB27}.Release|Any CPU.ActiveCfg = Release|Any CPU
		{C10090C5-950C-44AD-B187-E865D2FEFB27}.Release|Any CPU.Build.0 = Release|Any CPU
		{01763923-8886-4138-A175-D0A0AABCB280}.Debug|Any CPU.ActiveCfg = Debug|Any CPU
		{01763923-8886-4138-A175-D0A0AABCB280}.Debug|Any CPU.Build.0 = Debug|Any CPU
		{01763923-8886-4138-A175-D0A0AABCB280}.Release|Any CPU.ActiveCfg = Release|Any CPU
		{01763923-8886-4138-A175-D0A0AABCB280}.Release|Any CPU.Build.0 = Release|Any CPU
		{D740039D-5EB5-458E-AA93-F79355A0CC5E}.Debug|Any CPU.ActiveCfg = Debug|Any CPU
		{D740039D-5EB5-458E-AA93-F79355A0CC5E}.Debug|Any CPU.Build.0 = Debug|Any CPU
		{D740039D-5EB5-458E-AA93-F79355A0CC5E}.Release|Any CPU.ActiveCfg = Release|Any CPU
		{D740039D-5EB5-458E-AA93-F79355A0CC5E}.Release|Any CPU.Build.0 = Release|Any CPU
		{089796D4-3579-4048-B4F6-331637B48955}.Debug|Any CPU.ActiveCfg = Debug|Any CPU
		{089796D4-3579-4048-B4F6-331637B48955}.Debug|Any CPU.Build.0 = Debug|Any CPU
		{089796D4-3579-4048-B4F6-331637B48955}.Release|Any CPU.ActiveCfg = Release|Any CPU
		{089796D4-3579-4048-B4F6-331637B48955}.Release|Any CPU.Build.0 = Release|Any CPU
		{94629777-A304-4A04-813C-6008A2FA1DEF}.Debug|Any CPU.ActiveCfg = Debug|Any CPU
		{94629777-A304-4A04-813C-6008A2FA1DEF}.Debug|Any CPU.Build.0 = Debug|Any CPU
		{94629777-A304-4A04-813C-6008A2FA1DEF}.Release|Any CPU.ActiveCfg = Release|Any CPU
		{94629777-A304-4A04-813C-6008A2FA1DEF}.Release|Any CPU.Build.0 = Release|Any CPU
		{426D8C84-F4C3-4FEE-95BB-E81A11FBD8F1}.Debug|Any CPU.ActiveCfg = Debug|Any CPU
		{426D8C84-F4C3-4FEE-95BB-E81A11FBD8F1}.Debug|Any CPU.Build.0 = Debug|Any CPU
		{426D8C84-F4C3-4FEE-95BB-E81A11FBD8F1}.Release|Any CPU.ActiveCfg = Release|Any CPU
		{426D8C84-F4C3-4FEE-95BB-E81A11FBD8F1}.Release|Any CPU.Build.0 = Release|Any CPU
		{AFEA08F4-B2CF-4DA3-B54B-F6EA997A607A}.Debug|Any CPU.ActiveCfg = Debug|Any CPU
		{AFEA08F4-B2CF-4DA3-B54B-F6EA997A607A}.Debug|Any CPU.Build.0 = Debug|Any CPU
		{AFEA08F4-B2CF-4DA3-B54B-F6EA997A607A}.Release|Any CPU.ActiveCfg = Release|Any CPU
		{AFEA08F4-B2CF-4DA3-B54B-F6EA997A607A}.Release|Any CPU.Build.0 = Release|Any CPU
		{C19E6E47-4F56-49F6-9102-A494FEC66262}.Debug|Any CPU.ActiveCfg = Debug|Any CPU
		{C19E6E47-4F56-49F6-9102-A494FEC66262}.Debug|Any CPU.Build.0 = Debug|Any CPU
		{C19E6E47-4F56-49F6-9102-A494FEC66262}.Release|Any CPU.ActiveCfg = Release|Any CPU
		{C19E6E47-4F56-49F6-9102-A494FEC66262}.Release|Any CPU.Build.0 = Release|Any CPU
		{3D381451-55F6-416C-9E9E-59A15EAB1FD0}.Debug|Any CPU.ActiveCfg = Debug|Any CPU
		{3D381451-55F6-416C-9E9E-59A15EAB1FD0}.Debug|Any CPU.Build.0 = Debug|Any CPU
		{3D381451-55F6-416C-9E9E-59A15EAB1FD0}.Release|Any CPU.ActiveCfg = Release|Any CPU
		{3D381451-55F6-416C-9E9E-59A15EAB1FD0}.Release|Any CPU.Build.0 = Release|Any CPU
		{ABBA72CE-782E-490D-A512-8BDD698056FB}.Debug|Any CPU.ActiveCfg = Debug|Any CPU
		{ABBA72CE-782E-490D-A512-8BDD698056FB}.Debug|Any CPU.Build.0 = Debug|Any CPU
		{ABBA72CE-782E-490D-A512-8BDD698056FB}.Release|Any CPU.ActiveCfg = Release|Any CPU
		{ABBA72CE-782E-490D-A512-8BDD698056FB}.Release|Any CPU.Build.0 = Release|Any CPU
		{18582464-16C7-4C06-9E52-D7EE43B333A8}.Debug|Any CPU.ActiveCfg = Debug|Any CPU
		{18582464-16C7-4C06-9E52-D7EE43B333A8}.Debug|Any CPU.Build.0 = Debug|Any CPU
		{18582464-16C7-4C06-9E52-D7EE43B333A8}.Release|Any CPU.ActiveCfg = Release|Any CPU
		{18582464-16C7-4C06-9E52-D7EE43B333A8}.Release|Any CPU.Build.0 = Release|Any CPU
		{E2704D7D-7CC4-458D-8C76-5AB8A2D4A84E}.Debug|Any CPU.ActiveCfg = Debug|Any CPU
		{E2704D7D-7CC4-458D-8C76-5AB8A2D4A84E}.Debug|Any CPU.Build.0 = Debug|Any CPU
		{E2704D7D-7CC4-458D-8C76-5AB8A2D4A84E}.Release|Any CPU.ActiveCfg = Release|Any CPU
		{E2704D7D-7CC4-458D-8C76-5AB8A2D4A84E}.Release|Any CPU.Build.0 = Release|Any CPU
		{186A5FF6-8F8B-4F40-98D3-212658CEE14C}.Debug|Any CPU.ActiveCfg = Debug|Any CPU
		{186A5FF6-8F8B-4F40-98D3-212658CEE14C}.Debug|Any CPU.Build.0 = Debug|Any CPU
		{186A5FF6-8F8B-4F40-98D3-212658CEE14C}.Release|Any CPU.ActiveCfg = Release|Any CPU
		{186A5FF6-8F8B-4F40-98D3-212658CEE14C}.Release|Any CPU.Build.0 = Release|Any CPU
		{F4CAFA72-BA6B-4551-8E3D-AA9E86D78E33}.Debug|Any CPU.ActiveCfg = Debug|Any CPU
		{F4CAFA72-BA6B-4551-8E3D-AA9E86D78E33}.Debug|Any CPU.Build.0 = Debug|Any CPU
		{F4CAFA72-BA6B-4551-8E3D-AA9E86D78E33}.Release|Any CPU.ActiveCfg = Release|Any CPU
		{F4CAFA72-BA6B-4551-8E3D-AA9E86D78E33}.Release|Any CPU.Build.0 = Release|Any CPU
		{EBAE4CFF-3FE2-416D-9227-2A9EEAC001EE}.Debug|Any CPU.ActiveCfg = Debug|Any CPU
		{EBAE4CFF-3FE2-416D-9227-2A9EEAC001EE}.Debug|Any CPU.Build.0 = Debug|Any CPU
		{EBAE4CFF-3FE2-416D-9227-2A9EEAC001EE}.Release|Any CPU.ActiveCfg = Release|Any CPU
		{EBAE4CFF-3FE2-416D-9227-2A9EEAC001EE}.Release|Any CPU.Build.0 = Release|Any CPU
		{2866FDEF-1EF8-4EA4-BD5A-43D6F7026C98}.Debug|Any CPU.ActiveCfg = Debug|Any CPU
		{2866FDEF-1EF8-4EA4-BD5A-43D6F7026C98}.Debug|Any CPU.Build.0 = Debug|Any CPU
		{2866FDEF-1EF8-4EA4-BD5A-43D6F7026C98}.Release|Any CPU.ActiveCfg = Release|Any CPU
		{2866FDEF-1EF8-4EA4-BD5A-43D6F7026C98}.Release|Any CPU.Build.0 = Release|Any CPU
		{ACBA4210-4A15-4E85-80EB-82A64B44AF9E}.Debug|Any CPU.ActiveCfg = Debug|Any CPU
		{ACBA4210-4A15-4E85-80EB-82A64B44AF9E}.Debug|Any CPU.Build.0 = Debug|Any CPU
		{ACBA4210-4A15-4E85-80EB-82A64B44AF9E}.Release|Any CPU.ActiveCfg = Release|Any CPU
		{ACBA4210-4A15-4E85-80EB-82A64B44AF9E}.Release|Any CPU.Build.0 = Release|Any CPU
		{ADC6E86B-9FBF-4C63-BC9B-7E8846D85418}.Debug|Any CPU.ActiveCfg = Debug|Any CPU
		{ADC6E86B-9FBF-4C63-BC9B-7E8846D85418}.Debug|Any CPU.Build.0 = Debug|Any CPU
		{ADC6E86B-9FBF-4C63-BC9B-7E8846D85418}.Release|Any CPU.ActiveCfg = Release|Any CPU
		{ADC6E86B-9FBF-4C63-BC9B-7E8846D85418}.Release|Any CPU.Build.0 = Release|Any CPU
		{8A1033AD-3F31-44E1-ABD7-0A41B5681949}.Debug|Any CPU.ActiveCfg = Debug|Any CPU
		{8A1033AD-3F31-44E1-ABD7-0A41B5681949}.Debug|Any CPU.Build.0 = Debug|Any CPU
		{8A1033AD-3F31-44E1-ABD7-0A41B5681949}.Release|Any CPU.ActiveCfg = Release|Any CPU
		{8A1033AD-3F31-44E1-ABD7-0A41B5681949}.Release|Any CPU.Build.0 = Release|Any CPU
		{DF002A16-3715-469B-A781-26CC9C0D0BF4}.Debug|Any CPU.ActiveCfg = Debug|Any CPU
		{DF002A16-3715-469B-A781-26CC9C0D0BF4}.Debug|Any CPU.Build.0 = Debug|Any CPU
		{DF002A16-3715-469B-A781-26CC9C0D0BF4}.Release|Any CPU.ActiveCfg = Release|Any CPU
		{DF002A16-3715-469B-A781-26CC9C0D0BF4}.Release|Any CPU.Build.0 = Release|Any CPU
		{6AE47A9C-4455-4096-BA9B-447B41C46F48}.Debug|Any CPU.ActiveCfg = Debug|Any CPU
		{6AE47A9C-4455-4096-BA9B-447B41C46F48}.Debug|Any CPU.Build.0 = Debug|Any CPU
		{6AE47A9C-4455-4096-BA9B-447B41C46F48}.Release|Any CPU.ActiveCfg = Release|Any CPU
		{6AE47A9C-4455-4096-BA9B-447B41C46F48}.Release|Any CPU.Build.0 = Release|Any CPU
	EndGlobalSection
	GlobalSection(SolutionProperties) = preSolution
		HideSolutionNode = FALSE
	EndGlobalSection
	GlobalSection(NestedProjects) = preSolution
		{74D3A0A4-EF6A-4D7E-894B-D8DAC8DA6281} = {02EA681E-C7D8-13C7-8484-4AC65E1B71E8}
		{9AD4A5ED-9394-499A-89F3-292A7C2397D8} = {74D3A0A4-EF6A-4D7E-894B-D8DAC8DA6281}
		{2E06C86C-14EF-4074-92EC-CC8B305B60E9} = {74D3A0A4-EF6A-4D7E-894B-D8DAC8DA6281}
		{BD0424C5-75F1-4ABF-82D6-66E35D3A189F} = {74D3A0A4-EF6A-4D7E-894B-D8DAC8DA6281}
		{87ADFA2F-021E-4A49-B7ED-B31D61CABA7E} = {74D3A0A4-EF6A-4D7E-894B-D8DAC8DA6281}
		{15D43499-AAD7-4058-93DB-6DDA23D0B9FB} = {02EA681E-C7D8-13C7-8484-4AC65E1B71E8}
		{C10090C5-950C-44AD-B187-E865D2FEFB27} = {15D43499-AAD7-4058-93DB-6DDA23D0B9FB}
		{01763923-8886-4138-A175-D0A0AABCB280} = {15D43499-AAD7-4058-93DB-6DDA23D0B9FB}
		{D740039D-5EB5-458E-AA93-F79355A0CC5E} = {15D43499-AAD7-4058-93DB-6DDA23D0B9FB}
		{089796D4-3579-4048-B4F6-331637B48955} = {15D43499-AAD7-4058-93DB-6DDA23D0B9FB}
		{A11DDC4B-55E4-422B-9B90-DA91D54BFDB4} = {02EA681E-C7D8-13C7-8484-4AC65E1B71E8}
		{F63CD2AE-7263-46BC-B683-5625B1B94757} = {02EA681E-C7D8-13C7-8484-4AC65E1B71E8}
		{6486F941-5767-4B83-A88E-7E21C4CAD93C} = {02EA681E-C7D8-13C7-8484-4AC65E1B71E8}
		{4F39947A-78BB-4070-AB16-7A45CB6A8FD4} = {02EA681E-C7D8-13C7-8484-4AC65E1B71E8}
		{94629777-A304-4A04-813C-6008A2FA1DEF} = {A11DDC4B-55E4-422B-9B90-DA91D54BFDB4}
		{426D8C84-F4C3-4FEE-95BB-E81A11FBD8F1} = {A11DDC4B-55E4-422B-9B90-DA91D54BFDB4}
		{AFEA08F4-B2CF-4DA3-B54B-F6EA997A607A} = {A11DDC4B-55E4-422B-9B90-DA91D54BFDB4}
		{C19E6E47-4F56-49F6-9102-A494FEC66262} = {A11DDC4B-55E4-422B-9B90-DA91D54BFDB4}
		{3D381451-55F6-416C-9E9E-59A15EAB1FD0} = {F63CD2AE-7263-46BC-B683-5625B1B94757}
		{ABBA72CE-782E-490D-A512-8BDD698056FB} = {F63CD2AE-7263-46BC-B683-5625B1B94757}
		{18582464-16C7-4C06-9E52-D7EE43B333A8} = {F63CD2AE-7263-46BC-B683-5625B1B94757}
		{E2704D7D-7CC4-458D-8C76-5AB8A2D4A84E} = {F63CD2AE-7263-46BC-B683-5625B1B94757}
		{186A5FF6-8F8B-4F40-98D3-212658CEE14C} = {6486F941-5767-4B83-A88E-7E21C4CAD93C}
		{F4CAFA72-BA6B-4551-8E3D-AA9E86D78E33} = {6486F941-5767-4B83-A88E-7E21C4CAD93C}
		{EBAE4CFF-3FE2-416D-9227-2A9EEAC001EE} = {6486F941-5767-4B83-A88E-7E21C4CAD93C}
		{2866FDEF-1EF8-4EA4-BD5A-43D6F7026C98} = {6486F941-5767-4B83-A88E-7E21C4CAD93C}
		{ACBA4210-4A15-4E85-80EB-82A64B44AF9E} = {4F39947A-78BB-4070-AB16-7A45CB6A8FD4}
		{ADC6E86B-9FBF-4C63-BC9B-7E8846D85418} = {4F39947A-78BB-4070-AB16-7A45CB6A8FD4}
		{8A1033AD-3F31-44E1-ABD7-0A41B5681949} = {4F39947A-78BB-4070-AB16-7A45CB6A8FD4}
		{DF002A16-3715-469B-A781-26CC9C0D0BF4} = {4F39947A-78BB-4070-AB16-7A45CB6A8FD4}
		{3D6A8560-2F27-4786-9D9B-72AF86BEBA97} = {02EA681E-C7D8-13C7-8484-4AC65E1B71E8}
		{6AE47A9C-4455-4096-BA9B-447B41C46F48} = {3D6A8560-2F27-4786-9D9B-72AF86BEBA97}
	EndGlobalSection
	GlobalSection(ExtensibilityGlobals) = postSolution
		SolutionGuid = {05EB3A23-211B-4BBF-94C6-9709C174E9EF}
	EndGlobalSection
EndGlobal
